
Microsoft Visual Studio Solution File, Format Version 12.00
# Visual Studio Version 17
VisualStudioVersion = 17.1.32421.90
MinimumVisualStudioVersion = 10.0.40219.1
Project("{9A19103F-16F7-4668-BE54-9A1E7A4F7556}") = "SimpleQueue.Abstractions", "..\SimpleQueue\src\SimpleQueue.Abstractions\SimpleQueue.Abstractions.csproj", "{1FE9D0D3-634F-49A4-8E54-796D4BBB8B33}"
EndProject
Project("{9A19103F-16F7-4668-BE54-9A1E7A4F7556}") = "SimpleQueue.InMemory", "..\SimpleQueue\src\SimpleQueue.InMemory\SimpleQueue.InMemory.csproj", "{4CC3A645-DCD9-4ACD-B06F-34FBACD8B564}"
EndProject
Project("{9A19103F-16F7-4668-BE54-9A1E7A4F7556}") = "Queued.Domain", "src\Queued.Domain\Queued.Domain.csproj", "{DCEE9B76-C3C0-4EEB-A1AF-0E648F5DFDD3}"
EndProject
Project("{9A19103F-16F7-4668-BE54-9A1E7A4F7556}") = "Queued.Application", "src\Queued.Application\Queued.Application.csproj", "{9AE873D6-B847-4EF9-9335-D400ABF0A6C1}"
EndProject
Project("{9A19103F-16F7-4668-BE54-9A1E7A4F7556}") = "Queued.Adapter.Queue", "src\Queued.Adapter.Queue\Queued.Adapter.Queue.csproj", "{CF4D8574-D774-48D1-802E-5EA73BA8D76D}"
EndProject
Project("{9A19103F-16F7-4668-BE54-9A1E7A4F7556}") = "Queued.Adapter.Storage", "src\Queued.Adapter.Storage\Queued.Adapter.Storage.csproj", "{F0585AC8-6268-4B51-A9B9-99FCC889C005}"
EndProject
Project("{9A19103F-16F7-4668-BE54-9A1E7A4F7556}") = "Queued.WebApi", "src\Queued.WebApi\Queued.WebApi.csproj", "{3C7BD7A2-37B6-46FE-B644-56534269D63D}"
EndProject
Global
	GlobalSection(SolutionConfigurationPlatforms) = preSolution
		Debug|Any CPU = Debug|Any CPU
		Release|Any CPU = Release|Any CPU
	EndGlobalSection
	GlobalSection(ProjectConfigurationPlatforms) = postSolution
		{1FE9D0D3-634F-49A4-8E54-796D4BBB8B33}.Debug|Any CPU.ActiveCfg = Debug|Any CPU
		{1FE9D0D3-634F-49A4-8E54-796D4BBB8B33}.Debug|Any CPU.Build.0 = Debug|Any CPU
		{1FE9D0D3-634F-49A4-8E54-796D4BBB8B33}.Release|Any CPU.ActiveCfg = Release|Any CPU
		{1FE9D0D3-634F-49A4-8E54-796D4BBB8B33}.Release|Any CPU.Build.0 = Release|Any CPU
		{4CC3A645-DCD9-4ACD-B06F-34FBACD8B564}.Debug|Any CPU.ActiveCfg = Debug|Any CPU
		{4CC3A645-DCD9-4ACD-B06F-34FBACD8B564}.Debug|Any CPU.Build.0 = Debug|Any CPU
		{4CC3A645-DCD9-4ACD-B06F-34FBACD8B564}.Release|Any CPU.ActiveCfg = Release|Any CPU
		{4CC3A645-DCD9-4ACD-B06F-34FBACD8B564}.Release|Any CPU.Build.0 = Release|Any CPU
		{DCEE9B76-C3C0-4EEB-A1AF-0E648F5DFDD3}.Debug|Any CPU.ActiveCfg = Debug|Any CPU
		{DCEE9B76-C3C0-4EEB-A1AF-0E648F5DFDD3}.Debug|Any CPU.Build.0 = Debug|Any CPU
		{DCEE9B76-C3C0-4EEB-A1AF-0E648F5DFDD3}.Release|Any CPU.ActiveCfg = Release|Any CPU
		{DCEE9B76-C3C0-4EEB-A1AF-0E648F5DFDD3}.Release|Any CPU.Build.0 = Release|Any CPU
		{9AE873D6-B847-4EF9-9335-D400ABF0A6C1}.Debug|Any CPU.ActiveCfg = Debug|Any CPU
		{9AE873D6-B847-4EF9-9335-D400ABF0A6C1}.Debug|Any CPU.Build.0 = Debug|Any CPU
		{9AE873D6-B847-4EF9-9335-D400ABF0A6C1}.Release|Any CPU.ActiveCfg = Release|Any CPU
		{9AE873D6-B847-4EF9-9335-D400ABF0A6C1}.Release|Any CPU.Build.0 = Release|Any CPU
		{CF4D8574-D774-48D1-802E-5EA73BA8D76D}.Debug|Any CPU.ActiveCfg = Debug|Any CPU
		{CF4D8574-D774-48D1-802E-5EA73BA8D76D}.Debug|Any CPU.Build.0 = Debug|Any CPU
		{CF4D8574-D774-48D1-802E-5EA73BA8D76D}.Release|Any CPU.ActiveCfg = Release|Any CPU
		{CF4D8574-D774-48D1-802E-5EA73BA8D76D}.Release|Any CPU.Build.0 = Release|Any CPU
		{F0585AC8-6268-4B51-A9B9-99FCC889C005}.Debug|Any CPU.ActiveCfg = Debug|Any CPU
		{F0585AC8-6268-4B51-A9B9-99FCC889C005}.Debug|Any CPU.Build.0 = Debug|Any CPU
		{F0585AC8-6268-4B51-A9B9-99FCC889C005}.Release|Any CPU.ActiveCfg = Release|Any CPU
		{F0585AC8-6268-4B51-A9B9-99FCC889C005}.Release|Any CPU.Build.0 = Release|Any CPU
		{3C7BD7A2-37B6-46FE-B644-56534269D63D}.Debug|Any CPU.ActiveCfg = Debug|Any CPU
		{3C7BD7A2-37B6-46FE-B644-56534269D63D}.Debug|Any CPU.Build.0 = Debug|Any CPU
		{3C7BD7A2-37B6-46FE-B644-56534269D63D}.Release|Any CPU.ActiveCfg = Release|Any CPU
		{3C7BD7A2-37B6-46FE-B644-56534269D63D}.Release|Any CPU.Build.0 = Release|Any CPU
	EndGlobalSection
	GlobalSection(SolutionProperties) = preSolution
		HideSolutionNode = FALSE
	EndGlobalSection
	GlobalSection(ExtensibilityGlobals) = postSolution
		SolutionGuid = {8DE975C1-E1AE-49D5-BBA7-E8949FEE3F7C}
	EndGlobalSection
EndGlobal
